
Microsoft Visual Studio Solution File, Format Version 12.00
# Visual Studio Version 17
VisualStudioVersion = 17.3.32901.215
MinimumVisualStudioVersion = 10.0.40219.1
Project("{8BC9CEB8-8B4A-11D0-8D11-00A0C91BC942}") = "Lab03", "Lab03\Lab03.vcxproj", "{8A61FE24-E8A5-4D90-A112-6CFC63E0EACB}"
EndProject
Global
	GlobalSection(SolutionConfigurationPlatforms) = preSolution
		Debug|x64 = Debug|x64
		Debug|x86 = Debug|x86
		Release|x64 = Release|x64
		Release|x86 = Release|x86
	EndGlobalSection
	GlobalSection(ProjectConfigurationPlatforms) = postSolution
		{8A61FE24-E8A5-4D90-A112-6CFC63E0EACB}.Debug|x64.ActiveCfg = Debug|x64
		{8A61FE24-E8A5-4D90-A112-6CFC63E0EACB}.Debug|x64.Build.0 = Debug|x64
		{8A61FE24-E8A5-4D90-A112-6CFC63E0EACB}.Debug|x86.ActiveCfg = Debug|Win32
		{8A61FE24-E8A5-4D90-A112-6CFC63E0EACB}.Debug|x86.Build.0 = Debug|Win32
		{8A61FE24-E8A5-4D90-A112-6CFC63E0EACB}.Release|x64.ActiveCfg = Release|x64
		{8A61FE24-E8A5-4D90-A112-6CFC63E0EACB}.Release|x64.Build.0 = Release|x64
		{8A61FE24-E8A5-4D90-A112-6CFC63E0EACB}.Release|x86.ActiveCfg = Release|Win32
		{8A61FE24-E8A5-4D90-A112-6CFC63E0EACB}.Release|x86.Build.0 = Release|Win32
	EndGlobalSection
	GlobalSection(SolutionProperties) = preSolution
		HideSolutionNode = FALSE
	EndGlobalSection
	GlobalSection(ExtensibilityGlobals) = postSolution
		SolutionGuid = {4B617455-B0AB-4633-A150-8465A9CF3E1D}
	EndGlobalSection
EndGlobal
